
Microsoft Visual Studio Solution File, Format Version 12.00
# Visual Studio Version 17
VisualStudioVersion = 17.5.33530.505
MinimumVisualStudioVersion = 10.0.40219.1
Project("{FAE04EC0-301F-11D3-BF4B-00C04F79EFBC}") = "Peoblwm_10", "Peoblwm_10.csproj", "{98A74679-72F8-476C-944D-25A367F8DCA3}"
EndProject
Global
	GlobalSection(SolutionConfigurationPlatforms) = preSolution
		Debug|Any CPU = Debug|Any CPU
		Release|Any CPU = Release|Any CPU
	EndGlobalSection
	GlobalSection(ProjectConfigurationPlatforms) = postSolution
		{98A74679-72F8-476C-944D-25A367F8DCA3}.Debug|Any CPU.ActiveCfg = Debug|Any CPU
		{98A74679-72F8-476C-944D-25A367F8DCA3}.Debug|Any CPU.Build.0 = Debug|Any CPU
		{98A74679-72F8-476C-944D-25A367F8DCA3}.Release|Any CPU.ActiveCfg = Release|Any CPU
		{98A74679-72F8-476C-944D-25A367F8DCA3}.Release|Any CPU.Build.0 = Release|Any CPU
	EndGlobalSection
	GlobalSection(SolutionProperties) = preSolution
		HideSolutionNode = FALSE
	EndGlobalSection
	GlobalSection(ExtensibilityGlobals) = postSolution
		SolutionGuid = {52371B0E-09EE-494E-A6E7-497C5F056099}
	EndGlobalSection
EndGlobal
